
Microsoft Visual Studio Solution File, Format Version 12.00
# Visual Studio Version 17
VisualStudioVersion = 17.0.32126.317
MinimumVisualStudioVersion = 10.0.40219.1
Project("{FAE04EC0-301F-11D3-BF4B-00C04F79EFBC}") = "Repaso2", "Repaso2.csproj", "{4887CB65-D09D-456C-A7CD-29D8555D3140}"
EndProject
Global
	GlobalSection(SolutionConfigurationPlatforms) = preSolution
		Debug|Any CPU = Debug|Any CPU
		Release|Any CPU = Release|Any CPU
	EndGlobalSection
	GlobalSection(ProjectConfigurationPlatforms) = postSolution
		{4887CB65-D09D-456C-A7CD-29D8555D3140}.Debug|Any CPU.ActiveCfg = Debug|Any CPU
		{4887CB65-D09D-456C-A7CD-29D8555D3140}.Debug|Any CPU.Build.0 = Debug|Any CPU
		{4887CB65-D09D-456C-A7CD-29D8555D3140}.Release|Any CPU.ActiveCfg = Release|Any CPU
		{4887CB65-D09D-456C-A7CD-29D8555D3140}.Release|Any CPU.Build.0 = Release|Any CPU
	EndGlobalSection
	GlobalSection(SolutionProperties) = preSolution
		HideSolutionNode = FALSE
	EndGlobalSection
	GlobalSection(ExtensibilityGlobals) = postSolution
		SolutionGuid = {B128AD73-0D94-40C3-8FC8-385B7654AE19}
	EndGlobalSection
EndGlobal
